
Microsoft Visual Studio Solution File, Format Version 12.00
# Visual Studio Version 17
VisualStudioVersion = 17.2.32519.379
MinimumVisualStudioVersion = 10.0.40219.1
Project("{FAE04EC0-301F-11D3-BF4B-00C04F79EFBC}") = "WebAPIDemo", "WebAPIDemo\WebAPIDemo.csproj", "{AF712BD7-0F0C-4FE7-9485-545BBE80BCCC}"
EndProject
Global
	GlobalSection(SolutionConfigurationPlatforms) = preSolution
		Debug|Any CPU = Debug|Any CPU
		Release|Any CPU = Release|Any CPU
	EndGlobalSection
	GlobalSection(ProjectConfigurationPlatforms) = postSolution
		{AF712BD7-0F0C-4FE7-9485-545BBE80BCCC}.Debug|Any CPU.ActiveCfg = Debug|Any CPU
		{AF712BD7-0F0C-4FE7-9485-545BBE80BCCC}.Debug|Any CPU.Build.0 = Debug|Any CPU
		{AF712BD7-0F0C-4FE7-9485-545BBE80BCCC}.Release|Any CPU.ActiveCfg = Release|Any CPU
		{AF712BD7-0F0C-4FE7-9485-545BBE80BCCC}.Release|Any CPU.Build.0 = Release|Any CPU
	EndGlobalSection
	GlobalSection(SolutionProperties) = preSolution
		HideSolutionNode = FALSE
	EndGlobalSection
	GlobalSection(ExtensibilityGlobals) = postSolution
		SolutionGuid = {8EA2FD5D-864C-4CDE-907A-BDFFDED88E4F}
	EndGlobalSection
EndGlobal
